// !$*UTF8*$!
{
	archiveVersion = 1;
	classes = {
	};
	objectVersion = 55;
	objects = {

/* Begin PBXBuildFile section */
		7C3DA16B28A5128600178027 /* ARFaceView.swift in Sources */ = {isa = PBXBuildFile; fileRef = 7C3DA16A28A5128600178027 /* ARFaceView.swift */; };
		7CEC206928A4AF8000A80BF5 /* PongAppApp.swift in Sources */ = {isa = PBXBuildFile; fileRef = 7CEC206828A4AF8000A80BF5 /* PongAppApp.swift */; };
		7CEC206B28A4AF8000A80BF5 /* ContentView.swift in Sources */ = {isa = PBXBuildFile; fileRef = 7CEC206A28A4AF8000A80BF5 /* ContentView.swift */; };
		7CEC206D28A4AF8100A80BF5 /* Assets.xcassets in Resources */ = {isa = PBXBuildFile; fileRef = 7CEC206C28A4AF8100A80BF5 /* Assets.xcassets */; };
		7CEC207028A4AF8100A80BF5 /* Preview Assets.xcassets in Resources */ = {isa = PBXBuildFile; fileRef = 7CEC206F28A4AF8100A80BF5 /* Preview Assets.xcassets */; };
		7CEC207728A4AFB900A80BF5 /* MovementView.swift in Sources */ = {isa = PBXBuildFile; fileRef = 7CEC207628A4AFB900A80BF5 /* MovementView.swift */; };
		7CEC207D28A4B56800A80BF5 /* Login.swift in Sources */ = {isa = PBXBuildFile; fileRef = 7CEC207C28A4B56800A80BF5 /* Login.swift */; };
		7CEC207F28A4BDA400A80BF5 /* ARViewContainer.swift in Sources */ = {isa = PBXBuildFile; fileRef = 7CEC207E28A4BDA400A80BF5 /* ARViewContainer.swift */; };
		CB96863528A4F119005F0283 /* Data+Decoder.swift in Sources */ = {isa = PBXBuildFile; fileRef = CB96863228A4F119005F0283 /* Data+Decoder.swift */; };
		CB96863628A4F119005F0283 /* SocketService.swift in Sources */ = {isa = PBXBuildFile; fileRef = CB96863328A4F119005F0283 /* SocketService.swift */; };
		CB96863728A4F119005F0283 /* Move.swift in Sources */ = {isa = PBXBuildFile; fileRef = CB96863428A4F119005F0283 /* Move.swift */; };
		CB96864028A58D96005F0283 /* FacialExpression.swift in Sources */ = {isa = PBXBuildFile; fileRef = CB96863F28A58D96005F0283 /* FacialExpression.swift */; };
		EF46FE436F41E5B58D91E37C /* Pods_PongApp.framework in Frameworks */ = {isa = PBXBuildFile; fileRef = FC54087EC8E99398A82FA4F1 /* Pods_PongApp.framework */; };
/* End PBXBuildFile section */

/* Begin PBXFileReference section */
		7C3DA16A28A5128600178027 /* ARFaceView.swift */ = {isa = PBXFileReference; lastKnownFileType = sourcecode.swift; path = ARFaceView.swift; sourceTree = "<group>"; };
		7CEC206528A4AF8000A80BF5 /* PongApp.app */ = {isa = PBXFileReference; explicitFileType = wrapper.application; includeInIndex = 0; path = PongApp.app; sourceTree = BUILT_PRODUCTS_DIR; };
		7CEC206828A4AF8000A80BF5 /* PongAppApp.swift */ = {isa = PBXFileReference; lastKnownFileType = sourcecode.swift; path = PongAppApp.swift; sourceTree = "<group>"; };
		7CEC206A28A4AF8000A80BF5 /* ContentView.swift */ = {isa = PBXFileReference; lastKnownFileType = sourcecode.swift; path = ContentView.swift; sourceTree = "<group>"; };
		7CEC206C28A4AF8100A80BF5 /* Assets.xcassets */ = {isa = PBXFileReference; lastKnownFileType = folder.assetcatalog; path = Assets.xcassets; sourceTree = "<group>"; };
		7CEC206F28A4AF8100A80BF5 /* Preview Assets.xcassets */ = {isa = PBXFileReference; lastKnownFileType = folder.assetcatalog; path = "Preview Assets.xcassets"; sourceTree = "<group>"; };
		7CEC207628A4AFB900A80BF5 /* MovementView.swift */ = {isa = PBXFileReference; lastKnownFileType = sourcecode.swift; path = MovementView.swift; sourceTree = "<group>"; };
		7CEC207C28A4B56800A80BF5 /* Login.swift */ = {isa = PBXFileReference; lastKnownFileType = sourcecode.swift; path = Login.swift; sourceTree = "<group>"; };
		7CEC207E28A4BDA400A80BF5 /* ARViewContainer.swift */ = {isa = PBXFileReference; lastKnownFileType = sourcecode.swift; path = ARViewContainer.swift; sourceTree = "<group>"; };
		7F7FFBEC93506EDAEC1C0EA7 /* Pods-PongApp.release.xcconfig */ = {isa = PBXFileReference; includeInIndex = 1; lastKnownFileType = text.xcconfig; name = "Pods-PongApp.release.xcconfig"; path = "Target Support Files/Pods-PongApp/Pods-PongApp.release.xcconfig"; sourceTree = "<group>"; };
		CB96863228A4F119005F0283 /* Data+Decoder.swift */ = {isa = PBXFileReference; fileEncoding = 4; lastKnownFileType = sourcecode.swift; path = "Data+Decoder.swift"; sourceTree = "<group>"; };
		CB96863328A4F119005F0283 /* SocketService.swift */ = {isa = PBXFileReference; fileEncoding = 4; lastKnownFileType = sourcecode.swift; path = SocketService.swift; sourceTree = "<group>"; };
		CB96863428A4F119005F0283 /* Move.swift */ = {isa = PBXFileReference; fileEncoding = 4; lastKnownFileType = sourcecode.swift; path = Move.swift; sourceTree = "<group>"; };
		CB96863F28A58D96005F0283 /* FacialExpression.swift */ = {isa = PBXFileReference; lastKnownFileType = sourcecode.swift; path = FacialExpression.swift; sourceTree = "<group>"; };
		FC54087EC8E99398A82FA4F1 /* Pods_PongApp.framework */ = {isa = PBXFileReference; explicitFileType = wrapper.framework; includeInIndex = 0; path = Pods_PongApp.framework; sourceTree = BUILT_PRODUCTS_DIR; };
		FC61995ECC71CF3C516634F9 /* Pods-PongApp.debug.xcconfig */ = {isa = PBXFileReference; includeInIndex = 1; lastKnownFileType = text.xcconfig; name = "Pods-PongApp.debug.xcconfig"; path = "Target Support Files/Pods-PongApp/Pods-PongApp.debug.xcconfig"; sourceTree = "<group>"; };
/* End PBXFileReference section */

/* Begin PBXFrameworksBuildPhase section */
		7CEC206228A4AF8000A80BF5 /* Frameworks */ = {
			isa = PBXFrameworksBuildPhase;
			buildActionMask = 2147483647;
			files = (
				EF46FE436F41E5B58D91E37C /* Pods_PongApp.framework in Frameworks */,
			);
			runOnlyForDeploymentPostprocessing = 0;
		};
/* End PBXFrameworksBuildPhase section */

/* Begin PBXGroup section */
		093C4231E2DAD6808C415E25 /* Pods */ = {
			isa = PBXGroup;
			children = (
				FC61995ECC71CF3C516634F9 /* Pods-PongApp.debug.xcconfig */,
				7F7FFBEC93506EDAEC1C0EA7 /* Pods-PongApp.release.xcconfig */,
			);
			path = Pods;
			sourceTree = "<group>";
		};
		7CEC205C28A4AF8000A80BF5 = {
			isa = PBXGroup;
			children = (
				7CEC206728A4AF8000A80BF5 /* PongApp */,
				7CEC206628A4AF8000A80BF5 /* Products */,
				093C4231E2DAD6808C415E25 /* Pods */,
				FEAE31EE3E2349C783777E3A /* Frameworks */,
			);
			sourceTree = "<group>";
		};
		7CEC206628A4AF8000A80BF5 /* Products */ = {
			isa = PBXGroup;
			children = (
				7CEC206528A4AF8000A80BF5 /* PongApp.app */,
			);
			name = Products;
			sourceTree = "<group>";
		};
		7CEC206728A4AF8000A80BF5 /* PongApp */ = {
			isa = PBXGroup;
			children = (
				CB96863E28A58D86005F0283 /* Models */,
				CB96863828A56531005F0283 /* SocketService */,
				7CEC207B28A4B55C00A80BF5 /* View */,
				7CEC206828A4AF8000A80BF5 /* PongAppApp.swift */,
				7CEC206A28A4AF8000A80BF5 /* ContentView.swift */,
				7CEC207628A4AFB900A80BF5 /* MovementView.swift */,
				7CEC206C28A4AF8100A80BF5 /* Assets.xcassets */,
				7CEC206E28A4AF8100A80BF5 /* Preview Content */,
			);
			path = PongApp;
			sourceTree = "<group>";
		};
		7CEC206E28A4AF8100A80BF5 /* Preview Content */ = {
			isa = PBXGroup;
			children = (
				7CEC206F28A4AF8100A80BF5 /* Preview Assets.xcassets */,
			);
			path = "Preview Content";
			sourceTree = "<group>";
		};
		7CEC207B28A4B55C00A80BF5 /* View */ = {
			isa = PBXGroup;
			children = (
				CB96863B28A573F5005F0283 /* AR */,
				7CEC207C28A4B56800A80BF5 /* Login.swift */,
			);
			path = View;
			sourceTree = "<group>";
		};
		CB96863828A56531005F0283 /* SocketService */ = {
			isa = PBXGroup;
			children = (
				CB96863228A4F119005F0283 /* Data+Decoder.swift */,
				CB96863428A4F119005F0283 /* Move.swift */,
				CB96863328A4F119005F0283 /* SocketService.swift */,
			);
			path = SocketService;
			sourceTree = "<group>";
		};
		CB96863B28A573F5005F0283 /* AR */ = {
			isa = PBXGroup;
			children = (
				7CEC207E28A4BDA400A80BF5 /* ARViewContainer.swift */,
				7C3DA16A28A5128600178027 /* ARFaceView.swift */,
			);
			path = AR;
			sourceTree = "<group>";
		};
		CB96863E28A58D86005F0283 /* Models */ = {
			isa = PBXGroup;
			children = (
				CB96863F28A58D96005F0283 /* FacialExpression.swift */,
			);
			path = Models;
			sourceTree = "<group>";
		};
		FEAE31EE3E2349C783777E3A /* Frameworks */ = {
			isa = PBXGroup;
			children = (
				FC54087EC8E99398A82FA4F1 /* Pods_PongApp.framework */,
			);
			name = Frameworks;
			sourceTree = "<group>";
		};
/* End PBXGroup section */

/* Begin PBXNativeTarget section */
		7CEC206428A4AF8000A80BF5 /* PongApp */ = {
			isa = PBXNativeTarget;
			buildConfigurationList = 7CEC207328A4AF8100A80BF5 /* Build configuration list for PBXNativeTarget "PongApp" */;
			buildPhases = (
				72CBFB444786DE76702C0BF0 /* [CP] Check Pods Manifest.lock */,
				7CEC206128A4AF8000A80BF5 /* Sources */,
				7CEC206228A4AF8000A80BF5 /* Frameworks */,
				7CEC206328A4AF8000A80BF5 /* Resources */,
				5841F9FC321D27BAC3F64577 /* [CP] Embed Pods Frameworks */,
			);
			buildRules = (
			);
			dependencies = (
			);
			name = PongApp;
			productName = PongApp;
			productReference = 7CEC206528A4AF8000A80BF5 /* PongApp.app */;
			productType = "com.apple.product-type.application";
		};
/* End PBXNativeTarget section */

/* Begin PBXProject section */
		7CEC205D28A4AF8000A80BF5 /* Project object */ = {
			isa = PBXProject;
			attributes = {
				BuildIndependentTargetsInParallel = 1;
				LastSwiftUpdateCheck = 1330;
				LastUpgradeCheck = 1330;
				TargetAttributes = {
					7CEC206428A4AF8000A80BF5 = {
						CreatedOnToolsVersion = 13.3;
					};
				};
			};
			buildConfigurationList = 7CEC206028A4AF8000A80BF5 /* Build configuration list for PBXProject "PongApp" */;
			compatibilityVersion = "Xcode 13.0";
			developmentRegion = en;
			hasScannedForEncodings = 0;
			knownRegions = (
				en,
				Base,
			);
			mainGroup = 7CEC205C28A4AF8000A80BF5;
			productRefGroup = 7CEC206628A4AF8000A80BF5 /* Products */;
			projectDirPath = "";
			projectRoot = "";
			targets = (
				7CEC206428A4AF8000A80BF5 /* PongApp */,
			);
		};
/* End PBXProject section */

/* Begin PBXResourcesBuildPhase section */
		7CEC206328A4AF8000A80BF5 /* Resources */ = {
			isa = PBXResourcesBuildPhase;
			buildActionMask = 2147483647;
			files = (
				7CEC207028A4AF8100A80BF5 /* Preview Assets.xcassets in Resources */,
				7CEC206D28A4AF8100A80BF5 /* Assets.xcassets in Resources */,
			);
			runOnlyForDeploymentPostprocessing = 0;
		};
/* End PBXResourcesBuildPhase section */

/* Begin PBXShellScriptBuildPhase section */
		5841F9FC321D27BAC3F64577 /* [CP] Embed Pods Frameworks */ = {
			isa = PBXShellScriptBuildPhase;
			buildActionMask = 2147483647;
			files = (
			);
			inputFileListPaths = (
				"${PODS_ROOT}/Target Support Files/Pods-PongApp/Pods-PongApp-frameworks-${CONFIGURATION}-input-files.xcfilelist",
			);
			name = "[CP] Embed Pods Frameworks";
			outputFileListPaths = (
				"${PODS_ROOT}/Target Support Files/Pods-PongApp/Pods-PongApp-frameworks-${CONFIGURATION}-output-files.xcfilelist",
			);
			runOnlyForDeploymentPostprocessing = 0;
			shellPath = /bin/sh;
			shellScript = "\"${PODS_ROOT}/Target Support Files/Pods-PongApp/Pods-PongApp-frameworks.sh\"\n";
			showEnvVarsInLog = 0;
		};
		72CBFB444786DE76702C0BF0 /* [CP] Check Pods Manifest.lock */ = {
			isa = PBXShellScriptBuildPhase;
			buildActionMask = 2147483647;
			files = (
			);
			inputFileListPaths = (
			);
			inputPaths = (
				"${PODS_PODFILE_DIR_PATH}/Podfile.lock",
				"${PODS_ROOT}/Manifest.lock",
			);
			name = "[CP] Check Pods Manifest.lock";
			outputFileListPaths = (
			);
			outputPaths = (
				"$(DERIVED_FILE_DIR)/Pods-PongApp-checkManifestLockResult.txt",
			);
			runOnlyForDeploymentPostprocessing = 0;
			shellPath = /bin/sh;
			shellScript = "diff \"${PODS_PODFILE_DIR_PATH}/Podfile.lock\" \"${PODS_ROOT}/Manifest.lock\" > /dev/null\nif [ $? != 0 ] ; then\n    # print error to STDERR\n    echo \"error: The sandbox is not in sync with the Podfile.lock. Run 'pod install' or update your CocoaPods installation.\" >&2\n    exit 1\nfi\n# This output is used by Xcode 'outputs' to avoid re-running this script phase.\necho \"SUCCESS\" > \"${SCRIPT_OUTPUT_FILE_0}\"\n";
			showEnvVarsInLog = 0;
		};
/* End PBXShellScriptBuildPhase section */

/* Begin PBXSourcesBuildPhase section */
		7CEC206128A4AF8000A80BF5 /* Sources */ = {
			isa = PBXSourcesBuildPhase;
			buildActionMask = 2147483647;
			files = (
				CB96863628A4F119005F0283 /* SocketService.swift in Sources */,
				CB96863528A4F119005F0283 /* Data+Decoder.swift in Sources */,
				7CEC207728A4AFB900A80BF5 /* MovementView.swift in Sources */,
				7C3DA16B28A5128600178027 /* ARFaceView.swift in Sources */,
				CB96864028A58D96005F0283 /* FacialExpression.swift in Sources */,
				7CEC206B28A4AF8000A80BF5 /* ContentView.swift in Sources */,
				CB96863728A4F119005F0283 /* Move.swift in Sources */,
				7CEC207D28A4B56800A80BF5 /* Login.swift in Sources */,
				7CEC206928A4AF8000A80BF5 /* PongAppApp.swift in Sources */,
				7CEC207F28A4BDA400A80BF5 /* ARViewContainer.swift in Sources */,
			);
			runOnlyForDeploymentPostprocessing = 0;
		};
/* End PBXSourcesBuildPhase section */

/* Begin XCBuildConfiguration section */
		7CEC207128A4AF8100A80BF5 /* Debug */ = {
			isa = XCBuildConfiguration;
			buildSettings = {
				ALWAYS_SEARCH_USER_PATHS = NO;
				CLANG_ANALYZER_NONNULL = YES;
				CLANG_ANALYZER_NUMBER_OBJECT_CONVERSION = YES_AGGRESSIVE;
				CLANG_CXX_LANGUAGE_STANDARD = "gnu++17";
				CLANG_ENABLE_MODULES = YES;
				CLANG_ENABLE_OBJC_ARC = YES;
				CLANG_ENABLE_OBJC_WEAK = YES;
				CLANG_WARN_BLOCK_CAPTURE_AUTORELEASING = YES;
				CLANG_WARN_BOOL_CONVERSION = YES;
				CLANG_WARN_COMMA = YES;
				CLANG_WARN_CONSTANT_CONVERSION = YES;
				CLANG_WARN_DEPRECATED_OBJC_IMPLEMENTATIONS = YES;
				CLANG_WARN_DIRECT_OBJC_ISA_USAGE = YES_ERROR;
				CLANG_WARN_DOCUMENTATION_COMMENTS = YES;
				CLANG_WARN_EMPTY_BODY = YES;
				CLANG_WARN_ENUM_CONVERSION = YES;
				CLANG_WARN_INFINITE_RECURSION = YES;
				CLANG_WARN_INT_CONVERSION = YES;
				CLANG_WARN_NON_LITERAL_NULL_CONVERSION = YES;
				CLANG_WARN_OBJC_IMPLICIT_RETAIN_SELF = YES;
				CLANG_WARN_OBJC_LITERAL_CONVERSION = YES;
				CLANG_WARN_OBJC_ROOT_CLASS = YES_ERROR;
				CLANG_WARN_QUOTED_INCLUDE_IN_FRAMEWORK_HEADER = YES;
				CLANG_WARN_RANGE_LOOP_ANALYSIS = YES;
				CLANG_WARN_STRICT_PROTOTYPES = YES;
				CLANG_WARN_SUSPICIOUS_MOVE = YES;
				CLANG_WARN_UNGUARDED_AVAILABILITY = YES_AGGRESSIVE;
				CLANG_WARN_UNREACHABLE_CODE = YES;
				CLANG_WARN__DUPLICATE_METHOD_MATCH = YES;
				COPY_PHASE_STRIP = NO;
				DEBUG_INFORMATION_FORMAT = dwarf;
				ENABLE_STRICT_OBJC_MSGSEND = YES;
				ENABLE_TESTABILITY = YES;
				GCC_C_LANGUAGE_STANDARD = gnu11;
				GCC_DYNAMIC_NO_PIC = NO;
				GCC_NO_COMMON_BLOCKS = YES;
				GCC_OPTIMIZATION_LEVEL = 0;
				GCC_PREPROCESSOR_DEFINITIONS = (
					"DEBUG=1",
					"$(inherited)",
				);
				GCC_WARN_64_TO_32_BIT_CONVERSION = YES;
				GCC_WARN_ABOUT_RETURN_TYPE = YES_ERROR;
				GCC_WARN_UNDECLARED_SELECTOR = YES;
				GCC_WARN_UNINITIALIZED_AUTOS = YES_AGGRESSIVE;
				GCC_WARN_UNUSED_FUNCTION = YES;
				GCC_WARN_UNUSED_VARIABLE = YES;
				IPHONEOS_DEPLOYMENT_TARGET = 15.4;
				MTL_ENABLE_DEBUG_INFO = INCLUDE_SOURCE;
				MTL_FAST_MATH = YES;
				ONLY_ACTIVE_ARCH = YES;
				SDKROOT = iphoneos;
				SWIFT_ACTIVE_COMPILATION_CONDITIONS = DEBUG;
				SWIFT_OPTIMIZATION_LEVEL = "-Onone";
			};
			name = Debug;
		};
		7CEC207228A4AF8100A80BF5 /* Release */ = {
			isa = XCBuildConfiguration;
			buildSettings = {
				ALWAYS_SEARCH_USER_PATHS = NO;
				CLANG_ANALYZER_NONNULL = YES;
				CLANG_ANALYZER_NUMBER_OBJECT_CONVERSION = YES_AGGRESSIVE;
				CLANG_CXX_LANGUAGE_STANDARD = "gnu++17";
				CLANG_ENABLE_MODULES = YES;
				CLANG_ENABLE_OBJC_ARC = YES;
				CLANG_ENABLE_OBJC_WEAK = YES;
				CLANG_WARN_BLOCK_CAPTURE_AUTORELEASING = YES;
				CLANG_WARN_BOOL_CONVERSION = YES;
				CLANG_WARN_COMMA = YES;
				CLANG_WARN_CONSTANT_CONVERSION = YES;
				CLANG_WARN_DEPRECATED_OBJC_IMPLEMENTATIONS = YES;
				CLANG_WARN_DIRECT_OBJC_ISA_USAGE = YES_ERROR;
				CLANG_WARN_DOCUMENTATION_COMMENTS = YES;
				CLANG_WARN_EMPTY_BODY = YES;
				CLANG_WARN_ENUM_CONVERSION = YES;
				CLANG_WARN_INFINITE_RECURSION = YES;
				CLANG_WARN_INT_CONVERSION = YES;
				CLANG_WARN_NON_LITERAL_NULL_CONVERSION = YES;
				CLANG_WARN_OBJC_IMPLICIT_RETAIN_SELF = YES;
				CLANG_WARN_OBJC_LITERAL_CONVERSION = YES;
				CLANG_WARN_OBJC_ROOT_CLASS = YES_ERROR;
				CLANG_WARN_QUOTED_INCLUDE_IN_FRAMEWORK_HEADER = YES;
				CLANG_WARN_RANGE_LOOP_ANALYSIS = YES;
				CLANG_WARN_STRICT_PROTOTYPES = YES;
				CLANG_WARN_SUSPICIOUS_MOVE = YES;
				CLANG_WARN_UNGUARDED_AVAILABILITY = YES_AGGRESSIVE;
				CLANG_WARN_UNREACHABLE_CODE = YES;
				CLANG_WARN__DUPLICATE_METHOD_MATCH = YES;
				COPY_PHASE_STRIP = NO;
				DEBUG_INFORMATION_FORMAT = "dwarf-with-dsym";
				ENABLE_NS_ASSERTIONS = NO;
				ENABLE_STRICT_OBJC_MSGSEND = YES;
				GCC_C_LANGUAGE_STANDARD = gnu11;
				GCC_NO_COMMON_BLOCKS = YES;
				GCC_WARN_64_TO_32_BIT_CONVERSION = YES;
				GCC_WARN_ABOUT_RETURN_TYPE = YES_ERROR;
				GCC_WARN_UNDECLARED_SELECTOR = YES;
				GCC_WARN_UNINITIALIZED_AUTOS = YES_AGGRESSIVE;
				GCC_WARN_UNUSED_FUNCTION = YES;
				GCC_WARN_UNUSED_VARIABLE = YES;
				IPHONEOS_DEPLOYMENT_TARGET = 15.4;
				MTL_ENABLE_DEBUG_INFO = NO;
				MTL_FAST_MATH = YES;
				SDKROOT = iphoneos;
				SWIFT_COMPILATION_MODE = wholemodule;
				SWIFT_OPTIMIZATION_LEVEL = "-O";
				VALIDATE_PRODUCT = YES;
			};
			name = Release;
		};
		7CEC207428A4AF8100A80BF5 /* Debug */ = {
			isa = XCBuildConfiguration;
			baseConfigurationReference = FC61995ECC71CF3C516634F9 /* Pods-PongApp.debug.xcconfig */;
			buildSettings = {
				ASSETCATALOG_COMPILER_APPICON_NAME = AppIcon;
				ASSETCATALOG_COMPILER_GLOBAL_ACCENT_COLOR_NAME = AccentColor;
				CODE_SIGN_STYLE = Automatic;
				CURRENT_PROJECT_VERSION = 1;
				DEVELOPMENT_ASSET_PATHS = "\"PongApp/Preview Content\"";
				DEVELOPMENT_TEAM = ND4DZWJCVY;
				ENABLE_PREVIEWS = YES;
				GENERATE_INFOPLIST_FILE = YES;
				INFOPLIST_KEY_NSCameraUsageDescription = "This app needs access to the camera to enable Augmented Reality";
				INFOPLIST_KEY_UIApplicationSceneManifest_Generation = YES;
				INFOPLIST_KEY_UIApplicationSupportsIndirectInputEvents = YES;
				INFOPLIST_KEY_UILaunchScreen_Generation = YES;
				INFOPLIST_KEY_UISupportedInterfaceOrientations_iPad = "UIInterfaceOrientationPortrait UIInterfaceOrientationPortraitUpsideDown UIInterfaceOrientationLandscapeLeft UIInterfaceOrientationLandscapeRight";
				INFOPLIST_KEY_UISupportedInterfaceOrientations_iPhone = "UIInterfaceOrientationPortrait UIInterfaceOrientationLandscapeLeft UIInterfaceOrientationLandscapeRight";
				LD_RUNPATH_SEARCH_PATHS = (
					"$(inherited)",
					"@executable_path/Frameworks",
				);
				MARKETING_VERSION = 1.0;
				PRODUCT_BUNDLE_IDENTIFIER = com.charlie.project.PongApp;
				PRODUCT_NAME = "$(TARGET_NAME)";
				SWIFT_EMIT_LOC_STRINGS = YES;
				SWIFT_VERSION = 5.0;
				TARGETED_DEVICE_FAMILY = "1,2";
			};
			name = Debug;
		};
		7CEC207528A4AF8100A80BF5 /* Release */ = {
			isa = XCBuildConfiguration;
			baseConfigurationReference = 7F7FFBEC93506EDAEC1C0EA7 /* Pods-PongApp.release.xcconfig */;
			buildSettings = {
				ASSETCATALOG_COMPILER_APPICON_NAME = AppIcon;
				ASSETCATALOG_COMPILER_GLOBAL_ACCENT_COLOR_NAME = AccentColor;
				CODE_SIGN_STYLE = Automatic;
				CURRENT_PROJECT_VERSION = 1;
				DEVELOPMENT_ASSET_PATHS = "\"PongApp/Preview Content\"";
				DEVELOPMENT_TEAM = ND4DZWJCVY;
				ENABLE_PREVIEWS = YES;
				GENERATE_INFOPLIST_FILE = YES;
				INFOPLIST_KEY_NSCameraUsageDescription = "This app needs access to the camera to enable Augmented Reality";
				INFOPLIST_KEY_UIApplicationSceneManifest_Generation = YES;
				INFOPLIST_KEY_UIApplicationSupportsIndirectInputEvents = YES;
				INFOPLIST_KEY_UILaunchScreen_Generation = YES;
				INFOPLIST_KEY_UISupportedInterfaceOrientations_iPad = "UIInterfaceOrientationPortrait UIInterfaceOrientationPortraitUpsideDown UIInterfaceOrientationLandscapeLeft UIInterfaceOrientationLandscapeRight";
				INFOPLIST_KEY_UISupportedInterfaceOrientations_iPhone = "UIInterfaceOrientationPortrait UIInterfaceOrientationLandscapeLeft UIInterfaceOrientationLandscapeRight";
				LD_RUNPATH_SEARCH_PATHS = (
					"$(inherited)",
					"@executable_path/Frameworks",
				);
				MARKETING_VERSION = 1.0;
				PRODUCT_BUNDLE_IDENTIFIER = com.charlie.project.PongApp;
				PRODUCT_NAME = "$(TARGET_NAME)";
				SWIFT_EMIT_LOC_STRINGS = YES;
				SWIFT_VERSION = 5.0;
				TARGETED_DEVICE_FAMILY = "1,2";
			};
			name = Release;
		};
/* End XCBuildConfiguration section */

/* Begin XCConfigurationList section */
		7CEC206028A4AF8000A80BF5 /* Build configuration list for PBXProject "PongApp" */ = {
			isa = XCConfigurationList;
			buildConfigurations = (
				7CEC207128A4AF8100A80BF5 /* Debug */,
				7CEC207228A4AF8100A80BF5 /* Release */,
			);
			defaultConfigurationIsVisible = 0;
			defaultConfigurationName = Release;
		};
		7CEC207328A4AF8100A80BF5 /* Build configuration list for PBXNativeTarget "PongApp" */ = {
			isa = XCConfigurationList;
			buildConfigurations = (
				7CEC207428A4AF8100A80BF5 /* Debug */,
				7CEC207528A4AF8100A80BF5 /* Release */,
			);
			defaultConfigurationIsVisible = 0;
			defaultConfigurationName = Release;
		};
/* End XCConfigurationList section */
	};
	rootObject = 7CEC205D28A4AF8000A80BF5 /* Project object */;
}
